{
  "originHash" : "ffb2ba41845b0da8239e44cbbb494b8eadd33296672dc01c3c6f1384d78eb2fa",
  "pins" : [
    {
      "identity" : "swift-fsrs",
      "kind" : "remoteSourceControl",
      "location" : "https://github.com/open-spaced-repetition/swift-fsrs.git",
      "state" : {
        "revision" : "4fbaf20184d62f82a9f44f343337c61a2c5483e9"
      }
    },
    {
      "identity" : "swiftmath",
      "kind" : "remoteSourceControl",
      "location" : "https://github.com/mgriebling/SwiftMath.git",
      "state" : {
        "revision" : "fa8244ed032f4a1ade4cb0571bf87d2f1a9fd2d7",
        "version" : "1.7.3"
      }
    },
    {
      "identity" : "zstd",
      "kind" : "remoteSourceControl",
      "location" : "https://github.com/facebook/zstd.git",
      "state" : {
        "revision" : "f8745da6ff1ad1e7bab384bd1f9d742439278e99",
        "version" : "1.5.7"
      }
    }
  ],
  "version" : 3
}
